
Microsoft Visual Studio Solution File, Format Version 12.00
# Visual Studio Version 17
VisualStudioVersion = 17.4.33403.182
MinimumVisualStudioVersion = 10.0.40219.1
Project("{FAE04EC0-301F-11D3-BF4B-00C04F79EFBC}") = "newToDo", "newToDo.csproj", "{AA0BCFC7-8248-44D1-ABB7-5FDB3C94316F}"
EndProject
Project("{FAE04EC0-301F-11D3-BF4B-00C04F79EFBC}") = "ToDoApp_Methods", "..\ToDoApp_Methods\ToDoApp_Methods.csproj", "{40D1CF15-628D-492E-B1EC-DE5E5411587A}"
EndProject
Global
	GlobalSection(SolutionConfigurationPlatforms) = preSolution
		Debug|Any CPU = Debug|Any CPU
		Release|Any CPU = Release|Any CPU
	EndGlobalSection
	GlobalSection(ProjectConfigurationPlatforms) = postSolution
		{AA0BCFC7-8248-44D1-ABB7-5FDB3C94316F}.Debug|Any CPU.ActiveCfg = Debug|Any CPU
		{AA0BCFC7-8248-44D1-ABB7-5FDB3C94316F}.Debug|Any CPU.Build.0 = Debug|Any CPU
		{AA0BCFC7-8248-44D1-ABB7-5FDB3C94316F}.Release|Any CPU.ActiveCfg = Release|Any CPU
		{AA0BCFC7-8248-44D1-ABB7-5FDB3C94316F}.Release|Any CPU.Build.0 = Release|Any CPU
		{40D1CF15-628D-492E-B1EC-DE5E5411587A}.Debug|Any CPU.ActiveCfg = Debug|Any CPU
		{40D1CF15-628D-492E-B1EC-DE5E5411587A}.Debug|Any CPU.Build.0 = Debug|Any CPU
		{40D1CF15-628D-492E-B1EC-DE5E5411587A}.Release|Any CPU.ActiveCfg = Release|Any CPU
		{40D1CF15-628D-492E-B1EC-DE5E5411587A}.Release|Any CPU.Build.0 = Release|Any CPU
	EndGlobalSection
	GlobalSection(SolutionProperties) = preSolution
		HideSolutionNode = FALSE
	EndGlobalSection
	GlobalSection(ExtensibilityGlobals) = postSolution
		SolutionGuid = {1E8E3DFF-2301-4F56-9591-9A6041F7E9B8}
	EndGlobalSection
EndGlobal
